
Microsoft Visual Studio Solution File, Format Version 12.00
# Visual Studio Version 17
VisualStudioVersion = 17.13.35825.156 d17.13
MinimumVisualStudioVersion = 10.0.40219.1
Project("{FAE04EC0-301F-11D3-BF4B-00C04F79EFBC}") = "TextRPG2", "TextRPG2\TextRPG2.csproj", "{2E5FB56B-C299-4011-B2EC-53FB8756F550}"
EndProject
Global
	GlobalSection(SolutionConfigurationPlatforms) = preSolution
		Debug|Any CPU = Debug|Any CPU
		Release|Any CPU = Release|Any CPU
	EndGlobalSection
	GlobalSection(ProjectConfigurationPlatforms) = postSolution
		{2E5FB56B-C299-4011-B2EC-53FB8756F550}.Debug|Any CPU.ActiveCfg = Debug|Any CPU
		{2E5FB56B-C299-4011-B2EC-53FB8756F550}.Debug|Any CPU.Build.0 = Debug|Any CPU
		{2E5FB56B-C299-4011-B2EC-53FB8756F550}.Release|Any CPU.ActiveCfg = Release|Any CPU
		{2E5FB56B-C299-4011-B2EC-53FB8756F550}.Release|Any CPU.Build.0 = Release|Any CPU
	EndGlobalSection
	GlobalSection(SolutionProperties) = preSolution
		HideSolutionNode = FALSE
	EndGlobalSection
	GlobalSection(ExtensibilityGlobals) = postSolution
		SolutionGuid = {3F3562F3-4C36-494B-A2E4-78BCD6214DE4}
	EndGlobalSection
EndGlobal
