
Microsoft Visual Studio Solution File, Format Version 12.00
# Visual Studio Version 17
VisualStudioVersion = 17.13.35818.85 d17.13
MinimumVisualStudioVersion = 10.0.40219.1
Project("{FAE04EC0-301F-11D3-BF4B-00C04F79EFBC}") = "TodayFun", "TodayFun\TodayFun.csproj", "{7F50775A-B85E-4CEA-A2D9-25889E6E2D69}"
EndProject
Global
	GlobalSection(SolutionConfigurationPlatforms) = preSolution
		Debug|Any CPU = Debug|Any CPU
		Release|Any CPU = Release|Any CPU
	EndGlobalSection
	GlobalSection(ProjectConfigurationPlatforms) = postSolution
		{7F50775A-B85E-4CEA-A2D9-25889E6E2D69}.Debug|Any CPU.ActiveCfg = Debug|Any CPU
		{7F50775A-B85E-4CEA-A2D9-25889E6E2D69}.Debug|Any CPU.Build.0 = Debug|Any CPU
		{7F50775A-B85E-4CEA-A2D9-25889E6E2D69}.Release|Any CPU.ActiveCfg = Release|Any CPU
		{7F50775A-B85E-4CEA-A2D9-25889E6E2D69}.Release|Any CPU.Build.0 = Release|Any CPU
	EndGlobalSection
	GlobalSection(SolutionProperties) = preSolution
		HideSolutionNode = FALSE
	EndGlobalSection
	GlobalSection(ExtensibilityGlobals) = postSolution
		SolutionGuid = {1526CEDA-8C53-45C0-B6EB-A21CDA5C8BCB}
	EndGlobalSection
EndGlobal
