
Microsoft Visual Studio Solution File, Format Version 12.00
# Visual Studio Version 17
VisualStudioVersion = 17.13.35818.85 d17.13
MinimumVisualStudioVersion = 10.0.40219.1
Project("{FAE04EC0-301F-11D3-BF4B-00C04F79EFBC}") = "ClassIdle", "ClassIdle\ClassIdle.csproj", "{EAB53FFE-4286-4C3C-BB32-FC75D6418093}"
EndProject
Global
	GlobalSection(SolutionConfigurationPlatforms) = preSolution
		Debug|Any CPU = Debug|Any CPU
		Release|Any CPU = Release|Any CPU
	EndGlobalSection
	GlobalSection(ProjectConfigurationPlatforms) = postSolution
		{EAB53FFE-4286-4C3C-BB32-FC75D6418093}.Debug|Any CPU.ActiveCfg = Debug|Any CPU
		{EAB53FFE-4286-4C3C-BB32-FC75D6418093}.Debug|Any CPU.Build.0 = Debug|Any CPU
		{EAB53FFE-4286-4C3C-BB32-FC75D6418093}.Release|Any CPU.ActiveCfg = Release|Any CPU
		{EAB53FFE-4286-4C3C-BB32-FC75D6418093}.Release|Any CPU.Build.0 = Release|Any CPU
	EndGlobalSection
	GlobalSection(SolutionProperties) = preSolution
		HideSolutionNode = FALSE
	EndGlobalSection
	GlobalSection(ExtensibilityGlobals) = postSolution
		SolutionGuid = {6732216D-B63C-4833-9BA4-C78F396B2FD8}
	EndGlobalSection
EndGlobal
