
Microsoft Visual Studio Solution File, Format Version 12.00
# Visual Studio Version 17
VisualStudioVersion = 17.13.35818.85 d17.13
MinimumVisualStudioVersion = 10.0.40219.1
Project("{FAE04EC0-301F-11D3-BF4B-00C04F79EFBC}") = "function2", "2025.022.27\function2.csproj", "{72A7E4CE-5844-4D29-825E-39698BB8742A}"
EndProject
Global
	GlobalSection(SolutionConfigurationPlatforms) = preSolution
		Debug|Any CPU = Debug|Any CPU
		Release|Any CPU = Release|Any CPU
	EndGlobalSection
	GlobalSection(ProjectConfigurationPlatforms) = postSolution
		{72A7E4CE-5844-4D29-825E-39698BB8742A}.Debug|Any CPU.ActiveCfg = Debug|Any CPU
		{72A7E4CE-5844-4D29-825E-39698BB8742A}.Debug|Any CPU.Build.0 = Debug|Any CPU
		{72A7E4CE-5844-4D29-825E-39698BB8742A}.Release|Any CPU.ActiveCfg = Release|Any CPU
		{72A7E4CE-5844-4D29-825E-39698BB8742A}.Release|Any CPU.Build.0 = Release|Any CPU
	EndGlobalSection
	GlobalSection(SolutionProperties) = preSolution
		HideSolutionNode = FALSE
	EndGlobalSection
	GlobalSection(ExtensibilityGlobals) = postSolution
		SolutionGuid = {DD21D0A6-6296-40BC-98EB-EBD3B63ED65E}
	EndGlobalSection
EndGlobal
