
Microsoft Visual Studio Solution File, Format Version 12.00
# Visual Studio Version 17
VisualStudioVersion = 17.13.35818.85
MinimumVisualStudioVersion = 10.0.40219.1
Project("{FAE04EC0-301F-11D3-BF4B-00C04F79EFBC}") = "function1", "hamsoo\function1.csproj", "{D7A79D81-0130-4F48-9A79-6C07179804FF}"
EndProject
Global
	GlobalSection(SolutionConfigurationPlatforms) = preSolution
		Debug|Any CPU = Debug|Any CPU
		Release|Any CPU = Release|Any CPU
	EndGlobalSection
	GlobalSection(ProjectConfigurationPlatforms) = postSolution
		{D7A79D81-0130-4F48-9A79-6C07179804FF}.Debug|Any CPU.ActiveCfg = Debug|Any CPU
		{D7A79D81-0130-4F48-9A79-6C07179804FF}.Debug|Any CPU.Build.0 = Debug|Any CPU
		{D7A79D81-0130-4F48-9A79-6C07179804FF}.Release|Any CPU.ActiveCfg = Release|Any CPU
		{D7A79D81-0130-4F48-9A79-6C07179804FF}.Release|Any CPU.Build.0 = Release|Any CPU
	EndGlobalSection
	GlobalSection(SolutionProperties) = preSolution
		HideSolutionNode = FALSE
	EndGlobalSection
	GlobalSection(ExtensibilityGlobals) = postSolution
		SolutionGuid = {B0427FF9-1B77-4B08-A3F5-EE5B19CE588D}
	EndGlobalSection
EndGlobal
