
Microsoft Visual Studio Solution File, Format Version 12.00
# Visual Studio Version 17
VisualStudioVersion = 17.13.35818.85 d17.13
MinimumVisualStudioVersion = 10.0.40219.1
Project("{FAE04EC0-301F-11D3-BF4B-00C04F79EFBC}") = "LikeLion5-1", "LikeLion5-1\LikeLion5-1.csproj", "{3FA26152-B353-4986-9975-1F85E070CAAB}"
EndProject
Global
	GlobalSection(SolutionConfigurationPlatforms) = preSolution
		Debug|Any CPU = Debug|Any CPU
		Release|Any CPU = Release|Any CPU
	EndGlobalSection
	GlobalSection(ProjectConfigurationPlatforms) = postSolution
		{3FA26152-B353-4986-9975-1F85E070CAAB}.Debug|Any CPU.ActiveCfg = Debug|Any CPU
		{3FA26152-B353-4986-9975-1F85E070CAAB}.Debug|Any CPU.Build.0 = Debug|Any CPU
		{3FA26152-B353-4986-9975-1F85E070CAAB}.Release|Any CPU.ActiveCfg = Release|Any CPU
		{3FA26152-B353-4986-9975-1F85E070CAAB}.Release|Any CPU.Build.0 = Release|Any CPU
	EndGlobalSection
	GlobalSection(SolutionProperties) = preSolution
		HideSolutionNode = FALSE
	EndGlobalSection
	GlobalSection(ExtensibilityGlobals) = postSolution
		SolutionGuid = {AA19A757-D0FD-4786-BBEC-3CAFE358C4A3}
	EndGlobalSection
EndGlobal
