
Microsoft Visual Studio Solution File, Format Version 12.00
# Visual Studio Version 17
VisualStudioVersion = 17.13.35825.156 d17.13
MinimumVisualStudioVersion = 10.0.40219.1
Project("{FAE04EC0-301F-11D3-BF4B-00C04F79EFBC}") = "TEXTRPG", "TEXTRPG\TEXTRPG.csproj", "{629189A4-2859-4BE6-82D0-64BE389BD5E5}"
EndProject
Global
	GlobalSection(SolutionConfigurationPlatforms) = preSolution
		Debug|Any CPU = Debug|Any CPU
		Release|Any CPU = Release|Any CPU
	EndGlobalSection
	GlobalSection(ProjectConfigurationPlatforms) = postSolution
		{629189A4-2859-4BE6-82D0-64BE389BD5E5}.Debug|Any CPU.ActiveCfg = Debug|Any CPU
		{629189A4-2859-4BE6-82D0-64BE389BD5E5}.Debug|Any CPU.Build.0 = Debug|Any CPU
		{629189A4-2859-4BE6-82D0-64BE389BD5E5}.Release|Any CPU.ActiveCfg = Release|Any CPU
		{629189A4-2859-4BE6-82D0-64BE389BD5E5}.Release|Any CPU.Build.0 = Release|Any CPU
	EndGlobalSection
	GlobalSection(SolutionProperties) = preSolution
		HideSolutionNode = FALSE
	EndGlobalSection
	GlobalSection(ExtensibilityGlobals) = postSolution
		SolutionGuid = {3D7A85D1-0EC7-4596-AD1D-901E5ECBC06A}
	EndGlobalSection
EndGlobal
